// !$*UTF8*$!
{
	archiveVersion = 1;
	classes = {
	};
	objectVersion = 51;
	objects = {

/* Begin PBXBuildFile section */
		08BFC958ED5342D55AD82F82 /* Pods_ChargerFinderDemoApp.framework in Frameworks */ = {isa = PBXBuildFile; fileRef = D2D6B93BC59DEF14FBA1BFBB /* Pods_ChargerFinderDemoApp.framework */; };
		F4585745244D42B100147E84 /* Scene.sks in Resources */ = {isa = PBXBuildFile; fileRef = F4585744244D42B100147E84 /* Scene.sks */; };
		F4585747244D432100147E84 /* Scene.swift in Sources */ = {isa = PBXBuildFile; fileRef = F4585746244D432100147E84 /* Scene.swift */; };
		F458574A244D442F00147E84 /* FindChargersWithARViewController.swift in Sources */ = {isa = PBXBuildFile; fileRef = F4585749244D442F00147E84 /* FindChargersWithARViewController.swift */; };
		F458574C24524A6900147E84 /* SwiftJSON.swift in Sources */ = {isa = PBXBuildFile; fileRef = F458574B24524A6900147E84 /* SwiftJSON.swift */; };
		F458575024524C6000147E84 /* ProgrammaticallyLayoutable.swift in Sources */ = {isa = PBXBuildFile; fileRef = F458574F24524C6000147E84 /* ProgrammaticallyLayoutable.swift */; };
		F4585753245254CB00147E84 /* StringExtension.swift in Sources */ = {isa = PBXBuildFile; fileRef = F4585752245254CB00147E84 /* StringExtension.swift */; };
		F4585756245255B500147E84 /* Math.swift in Sources */ = {isa = PBXBuildFile; fileRef = F4585755245255B500147E84 /* Math.swift */; };
		F4585759245261D900147E84 /* Coordintaor.swift in Sources */ = {isa = PBXBuildFile; fileRef = F4585758245261D900147E84 /* Coordintaor.swift */; };
		F458575B2452622F00147E84 /* AppCoordinator.swift in Sources */ = {isa = PBXBuildFile; fileRef = F458575A2452622F00147E84 /* AppCoordinator.swift */; };
		F458576424526BB900147E84 /* MainViewCoordinator.swift in Sources */ = {isa = PBXBuildFile; fileRef = F458576324526BB900147E84 /* MainViewCoordinator.swift */; };
		F4D56B902440E76100A4B8C0 /* ChargerFinder.framework in Frameworks */ = {isa = PBXBuildFile; fileRef = F4D56B862440E76100A4B8C0 /* ChargerFinder.framework */; };
		F4D56B952440E76100A4B8C0 /* ChargerFinderTests.swift in Sources */ = {isa = PBXBuildFile; fileRef = F4D56B942440E76100A4B8C0 /* ChargerFinderTests.swift */; };
		F4D56B972440E76100A4B8C0 /* ChargerFinder.h in Headers */ = {isa = PBXBuildFile; fileRef = F4D56B892440E76100A4B8C0 /* ChargerFinder.h */; settings = {ATTRIBUTES = (Public, ); }; };
		F4D56BA72440E93E00A4B8C0 /* AppDelegate.swift in Sources */ = {isa = PBXBuildFile; fileRef = F4D56BA62440E93E00A4B8C0 /* AppDelegate.swift */; };
		F4D56BAB2440E93E00A4B8C0 /* MainViewController.swift in Sources */ = {isa = PBXBuildFile; fileRef = F4D56BAA2440E93E00A4B8C0 /* MainViewController.swift */; };
		F4D56BB02440E94200A4B8C0 /* Assets.xcassets in Resources */ = {isa = PBXBuildFile; fileRef = F4D56BAF2440E94200A4B8C0 /* Assets.xcassets */; };
		F4D56BB32440E94200A4B8C0 /* LaunchScreen.storyboard in Resources */ = {isa = PBXBuildFile; fileRef = F4D56BB12440E94200A4B8C0 /* LaunchScreen.storyboard */; };
/* End PBXBuildFile section */

/* Begin PBXContainerItemProxy section */
		F4D56B912440E76100A4B8C0 /* PBXContainerItemProxy */ = {
			isa = PBXContainerItemProxy;
			containerPortal = F4D56B7D2440E76100A4B8C0 /* Project object */;
			proxyType = 1;
			remoteGlobalIDString = F4D56B852440E76100A4B8C0;
			remoteInfo = ChargerFinder;
		};
/* End PBXContainerItemProxy section */

/* Begin PBXFileReference section */
		17AD538FB06E7C7D4C672FA3 /* Pods-ChargerFinderDemoApp.release.xcconfig */ = {isa = PBXFileReference; includeInIndex = 1; lastKnownFileType = text.xcconfig; name = "Pods-ChargerFinderDemoApp.release.xcconfig"; path = "Target Support Files/Pods-ChargerFinderDemoApp/Pods-ChargerFinderDemoApp.release.xcconfig"; sourceTree = "<group>"; };
		C184F77155F36FF8D146A756 /* Pods-ChargerFinderDemoApp.debug.xcconfig */ = {isa = PBXFileReference; includeInIndex = 1; lastKnownFileType = text.xcconfig; name = "Pods-ChargerFinderDemoApp.debug.xcconfig"; path = "Target Support Files/Pods-ChargerFinderDemoApp/Pods-ChargerFinderDemoApp.debug.xcconfig"; sourceTree = "<group>"; };
		D2D6B93BC59DEF14FBA1BFBB /* Pods_ChargerFinderDemoApp.framework */ = {isa = PBXFileReference; explicitFileType = wrapper.framework; includeInIndex = 0; path = Pods_ChargerFinderDemoApp.framework; sourceTree = BUILT_PRODUCTS_DIR; };
		F4585744244D42B100147E84 /* Scene.sks */ = {isa = PBXFileReference; lastKnownFileType = file.sks; path = Scene.sks; sourceTree = "<group>"; };
		F4585746244D432100147E84 /* Scene.swift */ = {isa = PBXFileReference; lastKnownFileType = sourcecode.swift; path = Scene.swift; sourceTree = "<group>"; };
		F4585749244D442F00147E84 /* FindChargersWithARViewController.swift */ = {isa = PBXFileReference; lastKnownFileType = sourcecode.swift; path = FindChargersWithARViewController.swift; sourceTree = "<group>"; };
		F458574B24524A6900147E84 /* SwiftJSON.swift */ = {isa = PBXFileReference; fileEncoding = 4; lastKnownFileType = sourcecode.swift; path = SwiftJSON.swift; sourceTree = "<group>"; };
		F458574F24524C6000147E84 /* ProgrammaticallyLayoutable.swift */ = {isa = PBXFileReference; lastKnownFileType = sourcecode.swift; path = ProgrammaticallyLayoutable.swift; sourceTree = "<group>"; };
		F4585752245254CB00147E84 /* StringExtension.swift */ = {isa = PBXFileReference; lastKnownFileType = sourcecode.swift; path = StringExtension.swift; sourceTree = "<group>"; };
		F4585755245255B500147E84 /* Math.swift */ = {isa = PBXFileReference; lastKnownFileType = sourcecode.swift; path = Math.swift; sourceTree = "<group>"; };
		F4585758245261D900147E84 /* Coordintaor.swift */ = {isa = PBXFileReference; lastKnownFileType = sourcecode.swift; path = Coordintaor.swift; sourceTree = "<group>"; };
		F458575A2452622F00147E84 /* AppCoordinator.swift */ = {isa = PBXFileReference; lastKnownFileType = sourcecode.swift; path = AppCoordinator.swift; sourceTree = "<group>"; };
		F458576324526BB900147E84 /* MainViewCoordinator.swift */ = {isa = PBXFileReference; lastKnownFileType = sourcecode.swift; path = MainViewCoordinator.swift; sourceTree = "<group>"; };
		F4D56B862440E76100A4B8C0 /* ChargerFinder.framework */ = {isa = PBXFileReference; explicitFileType = wrapper.framework; includeInIndex = 0; path = ChargerFinder.framework; sourceTree = BUILT_PRODUCTS_DIR; };
		F4D56B892440E76100A4B8C0 /* ChargerFinder.h */ = {isa = PBXFileReference; lastKnownFileType = sourcecode.c.h; path = ChargerFinder.h; sourceTree = "<group>"; };
		F4D56B8A2440E76100A4B8C0 /* Info.plist */ = {isa = PBXFileReference; lastKnownFileType = text.plist.xml; path = Info.plist; sourceTree = "<group>"; };
		F4D56B8F2440E76100A4B8C0 /* ChargerFinderTests.xctest */ = {isa = PBXFileReference; explicitFileType = wrapper.cfbundle; includeInIndex = 0; path = ChargerFinderTests.xctest; sourceTree = BUILT_PRODUCTS_DIR; };
		F4D56B942440E76100A4B8C0 /* ChargerFinderTests.swift */ = {isa = PBXFileReference; lastKnownFileType = sourcecode.swift; path = ChargerFinderTests.swift; sourceTree = "<group>"; };
		F4D56B962440E76100A4B8C0 /* Info.plist */ = {isa = PBXFileReference; lastKnownFileType = text.plist.xml; path = Info.plist; sourceTree = "<group>"; };
		F4D56BA42440E93E00A4B8C0 /* ChargerFinderDemoApp.app */ = {isa = PBXFileReference; explicitFileType = wrapper.application; includeInIndex = 0; path = ChargerFinderDemoApp.app; sourceTree = BUILT_PRODUCTS_DIR; };
		F4D56BA62440E93E00A4B8C0 /* AppDelegate.swift */ = {isa = PBXFileReference; lastKnownFileType = sourcecode.swift; path = AppDelegate.swift; sourceTree = "<group>"; };
		F4D56BAA2440E93E00A4B8C0 /* MainViewController.swift */ = {isa = PBXFileReference; lastKnownFileType = sourcecode.swift; path = MainViewController.swift; sourceTree = "<group>"; };
		F4D56BAF2440E94200A4B8C0 /* Assets.xcassets */ = {isa = PBXFileReference; lastKnownFileType = folder.assetcatalog; path = Assets.xcassets; sourceTree = "<group>"; };
		F4D56BB22440E94200A4B8C0 /* Base */ = {isa = PBXFileReference; lastKnownFileType = file.storyboard; name = Base; path = Base.lproj/LaunchScreen.storyboard; sourceTree = "<group>"; };
		F4D56BB42440E94200A4B8C0 /* Info.plist */ = {isa = PBXFileReference; lastKnownFileType = text.plist.xml; path = Info.plist; sourceTree = "<group>"; };
/* End PBXFileReference section */

/* Begin PBXFrameworksBuildPhase section */
		F4D56B832440E76100A4B8C0 /* Frameworks */ = {
			isa = PBXFrameworksBuildPhase;
			buildActionMask = 2147483647;
			files = (
			);
			runOnlyForDeploymentPostprocessing = 0;
		};
		F4D56B8C2440E76100A4B8C0 /* Frameworks */ = {
			isa = PBXFrameworksBuildPhase;
			buildActionMask = 2147483647;
			files = (
				F4D56B902440E76100A4B8C0 /* ChargerFinder.framework in Frameworks */,
			);
			runOnlyForDeploymentPostprocessing = 0;
		};
		F4D56BA12440E93E00A4B8C0 /* Frameworks */ = {
			isa = PBXFrameworksBuildPhase;
			buildActionMask = 2147483647;
			files = (
				08BFC958ED5342D55AD82F82 /* Pods_ChargerFinderDemoApp.framework in Frameworks */,
			);
			runOnlyForDeploymentPostprocessing = 0;
		};
/* End PBXFrameworksBuildPhase section */

/* Begin PBXGroup section */
		3391CF580F7C2AA8B8FDB352 /* Pods */ = {
			isa = PBXGroup;
			children = (
				C184F77155F36FF8D146A756 /* Pods-ChargerFinderDemoApp.debug.xcconfig */,
				17AD538FB06E7C7D4C672FA3 /* Pods-ChargerFinderDemoApp.release.xcconfig */,
			);
			path = Pods;
			sourceTree = "<group>";
		};
		93DEBFF5CAE99E3F3DE80E5E /* Frameworks */ = {
			isa = PBXGroup;
			children = (
				D2D6B93BC59DEF14FBA1BFBB /* Pods_ChargerFinderDemoApp.framework */,
			);
			name = Frameworks;
			sourceTree = "<group>";
		};
		F454E7F724527DDC00C02E44 /* Extensions */ = {
			isa = PBXGroup;
			children = (
			);
			path = Extensions;
			sourceTree = "<group>";
		};
		F45857402443F17E00147E84 /* Scenes */ = {
			isa = PBXGroup;
			children = (
				F45857412443F19B00147E84 /* FindChargersWithAR */,
			);
			path = Scenes;
			sourceTree = "<group>";
		};
		F45857412443F19B00147E84 /* FindChargersWithAR */ = {
			isa = PBXGroup;
			children = (
				F4585748244D43F100147E84 /* ViewController */,
				F4585744244D42B100147E84 /* Scene.sks */,
				F4585746244D432100147E84 /* Scene.swift */,
			);
			path = FindChargersWithAR;
			sourceTree = "<group>";
		};
		F4585748244D43F100147E84 /* ViewController */ = {
			isa = PBXGroup;
			children = (
				F4585749244D442F00147E84 /* FindChargersWithARViewController.swift */,
			);
			path = ViewController;
			sourceTree = "<group>";
		};
		F458574D24524C1000147E84 /* Protocols */ = {
			isa = PBXGroup;
			children = (
				F458574F24524C6000147E84 /* ProgrammaticallyLayoutable.swift */,
			);
			path = Protocols;
			sourceTree = "<group>";
		};
		F4585751245254A200147E84 /* Extensions */ = {
			isa = PBXGroup;
			children = (
				F4585752245254CB00147E84 /* StringExtension.swift */,
			);
			path = Extensions;
			sourceTree = "<group>";
		};
		F45857542452559E00147E84 /* Helpers */ = {
			isa = PBXGroup;
			children = (
				F4585755245255B500147E84 /* Math.swift */,
			);
			path = Helpers;
			sourceTree = "<group>";
		};
		F4585757245261C200147E84 /* Coordinator */ = {
			isa = PBXGroup;
			children = (
				F4585758245261D900147E84 /* Coordintaor.swift */,
			);
			path = Coordinator;
			sourceTree = "<group>";
		};
		F4585761245265BC00147E84 /* Coordinators */ = {
			isa = PBXGroup;
			children = (
				F458575A2452622F00147E84 /* AppCoordinator.swift */,
				F458576324526BB900147E84 /* MainViewCoordinator.swift */,
			);
			path = Coordinators;
			sourceTree = "<group>";
		};
		F458576224526A6200147E84 /* Controllers */ = {
			isa = PBXGroup;
			children = (
				F4D56BAA2440E93E00A4B8C0 /* MainViewController.swift */,
			);
			path = Controllers;
			sourceTree = "<group>";
		};
		F4D56B7C2440E76100A4B8C0 = {
			isa = PBXGroup;
			children = (
				F4D56B882440E76100A4B8C0 /* ChargerFinder */,
				F4D56B932440E76100A4B8C0 /* ChargerFinderTests */,
				F4D56BA52440E93E00A4B8C0 /* ChargerFinderDemoApp */,
				F4D56B872440E76100A4B8C0 /* Products */,
				3391CF580F7C2AA8B8FDB352 /* Pods */,
				93DEBFF5CAE99E3F3DE80E5E /* Frameworks */,
			);
			sourceTree = "<group>";
		};
		F4D56B872440E76100A4B8C0 /* Products */ = {
			isa = PBXGroup;
			children = (
				F4D56B862440E76100A4B8C0 /* ChargerFinder.framework */,
				F4D56B8F2440E76100A4B8C0 /* ChargerFinderTests.xctest */,
				F4D56BA42440E93E00A4B8C0 /* ChargerFinderDemoApp.app */,
			);
			name = Products;
			sourceTree = "<group>";
		};
		F4D56B882440E76100A4B8C0 /* ChargerFinder */ = {
			isa = PBXGroup;
			children = (
				F4585757245261C200147E84 /* Coordinator */,
				F45857542452559E00147E84 /* Helpers */,
				F4585751245254A200147E84 /* Extensions */,
				F458574D24524C1000147E84 /* Protocols */,
				F45857402443F17E00147E84 /* Scenes */,
				F4D56B892440E76100A4B8C0 /* ChargerFinder.h */,
				F4D56B8A2440E76100A4B8C0 /* Info.plist */,
				F458574B24524A6900147E84 /* SwiftJSON.swift */,
			);
			path = ChargerFinder;
			sourceTree = "<group>";
		};
		F4D56B932440E76100A4B8C0 /* ChargerFinderTests */ = {
			isa = PBXGroup;
			children = (
				F4D56B942440E76100A4B8C0 /* ChargerFinderTests.swift */,
				F4D56B962440E76100A4B8C0 /* Info.plist */,
			);
			path = ChargerFinderTests;
			sourceTree = "<group>";
		};
		F4D56BA52440E93E00A4B8C0 /* ChargerFinderDemoApp */ = {
			isa = PBXGroup;
			children = (
				F454E7F724527DDC00C02E44 /* Extensions */,
				F458576224526A6200147E84 /* Controllers */,
				F4585761245265BC00147E84 /* Coordinators */,
				F4D56BA62440E93E00A4B8C0 /* AppDelegate.swift */,
				F4D56BAF2440E94200A4B8C0 /* Assets.xcassets */,
				F4D56BB12440E94200A4B8C0 /* LaunchScreen.storyboard */,
				F4D56BB42440E94200A4B8C0 /* Info.plist */,
			);
			path = ChargerFinderDemoApp;
			sourceTree = "<group>";
		};
/* End PBXGroup section */

/* Begin PBXHeadersBuildPhase section */
		F4D56B812440E76100A4B8C0 /* Headers */ = {
			isa = PBXHeadersBuildPhase;
			buildActionMask = 2147483647;
			files = (
				F4D56B972440E76100A4B8C0 /* ChargerFinder.h in Headers */,
			);
			runOnlyForDeploymentPostprocessing = 0;
		};
/* End PBXHeadersBuildPhase section */

/* Begin PBXNativeTarget section */
		F4D56B852440E76100A4B8C0 /* ChargerFinder */ = {
			isa = PBXNativeTarget;
			buildConfigurationList = F4D56B9A2440E76100A4B8C0 /* Build configuration list for PBXNativeTarget "ChargerFinder" */;
			buildPhases = (
				F4D56B812440E76100A4B8C0 /* Headers */,
				F4D56B822440E76100A4B8C0 /* Sources */,
				F4D56B832440E76100A4B8C0 /* Frameworks */,
				F4D56B842440E76100A4B8C0 /* Resources */,
			);
			buildRules = (
			);
			dependencies = (
			);
			name = ChargerFinder;
			productName = ChargerFinder;
			productReference = F4D56B862440E76100A4B8C0 /* ChargerFinder.framework */;
			productType = "com.apple.product-type.framework";
		};
		F4D56B8E2440E76100A4B8C0 /* ChargerFinderTests */ = {
			isa = PBXNativeTarget;
			buildConfigurationList = F4D56B9D2440E76100A4B8C0 /* Build configuration list for PBXNativeTarget "ChargerFinderTests" */;
			buildPhases = (
				F4D56B8B2440E76100A4B8C0 /* Sources */,
				F4D56B8C2440E76100A4B8C0 /* Frameworks */,
				F4D56B8D2440E76100A4B8C0 /* Resources */,
			);
			buildRules = (
			);
			dependencies = (
				F4D56B922440E76100A4B8C0 /* PBXTargetDependency */,
			);
			name = ChargerFinderTests;
			productName = ChargerFinderTests;
			productReference = F4D56B8F2440E76100A4B8C0 /* ChargerFinderTests.xctest */;
			productType = "com.apple.product-type.bundle.unit-test";
		};
		F4D56BA32440E93E00A4B8C0 /* ChargerFinderDemoApp */ = {
			isa = PBXNativeTarget;
			buildConfigurationList = F4D56BCB2440E94200A4B8C0 /* Build configuration list for PBXNativeTarget "ChargerFinderDemoApp" */;
			buildPhases = (
				06AE2FB48716FAE503A1AFC5 /* [CP] Check Pods Manifest.lock */,
				F4D56BA02440E93E00A4B8C0 /* Sources */,
				F4D56BA12440E93E00A4B8C0 /* Frameworks */,
				F4D56BA22440E93E00A4B8C0 /* Resources */,
				B1C5B4649202DC00CB41853F /* [CP] Embed Pods Frameworks */,
			);
			buildRules = (
			);
			dependencies = (
			);
			name = ChargerFinderDemoApp;
			productName = ChangerFinderDemoApp;
			productReference = F4D56BA42440E93E00A4B8C0 /* ChargerFinderDemoApp.app */;
			productType = "com.apple.product-type.application";
		};
/* End PBXNativeTarget section */

/* Begin PBXProject section */
		F4D56B7D2440E76100A4B8C0 /* Project object */ = {
			isa = PBXProject;
			attributes = {
				LastSwiftUpdateCheck = 1140;
				LastUpgradeCheck = 1140;
				ORGANIZATIONNAME = "Oscar Odon";
				TargetAttributes = {
					F4D56B852440E76100A4B8C0 = {
						CreatedOnToolsVersion = 11.4;
						LastSwiftMigration = 1140;
					};
					F4D56B8E2440E76100A4B8C0 = {
						CreatedOnToolsVersion = 11.4;
					};
					F4D56BA32440E93E00A4B8C0 = {
						CreatedOnToolsVersion = 11.4;
					};
				};
			};
			buildConfigurationList = F4D56B802440E76100A4B8C0 /* Build configuration list for PBXProject "ChargerFinder" */;
			compatibilityVersion = "Xcode 9.3";
			developmentRegion = en;
			hasScannedForEncodings = 0;
			knownRegions = (
				en,
				Base,
			);
			mainGroup = F4D56B7C2440E76100A4B8C0;
			productRefGroup = F4D56B872440E76100A4B8C0 /* Products */;
			projectDirPath = "";
			projectRoot = "";
			targets = (
				F4D56B852440E76100A4B8C0 /* ChargerFinder */,
				F4D56B8E2440E76100A4B8C0 /* ChargerFinderTests */,
				F4D56BA32440E93E00A4B8C0 /* ChargerFinderDemoApp */,
			);
		};
/* End PBXProject section */

/* Begin PBXResourcesBuildPhase section */
		F4D56B842440E76100A4B8C0 /* Resources */ = {
			isa = PBXResourcesBuildPhase;
			buildActionMask = 2147483647;
			files = (
				F4585745244D42B100147E84 /* Scene.sks in Resources */,
			);
			runOnlyForDeploymentPostprocessing = 0;
		};
		F4D56B8D2440E76100A4B8C0 /* Resources */ = {
			isa = PBXResourcesBuildPhase;
			buildActionMask = 2147483647;
			files = (
			);
			runOnlyForDeploymentPostprocessing = 0;
		};
		F4D56BA22440E93E00A4B8C0 /* Resources */ = {
			isa = PBXResourcesBuildPhase;
			buildActionMask = 2147483647;
			files = (
				F4D56BB32440E94200A4B8C0 /* LaunchScreen.storyboard in Resources */,
				F4D56BB02440E94200A4B8C0 /* Assets.xcassets in Resources */,
			);
			runOnlyForDeploymentPostprocessing = 0;
		};
/* End PBXResourcesBuildPhase section */

/* Begin PBXShellScriptBuildPhase section */
		06AE2FB48716FAE503A1AFC5 /* [CP] Check Pods Manifest.lock */ = {
			isa = PBXShellScriptBuildPhase;
			buildActionMask = 2147483647;
			files = (
			);
			inputFileListPaths = (
			);
			inputPaths = (
				"${PODS_PODFILE_DIR_PATH}/Podfile.lock",
				"${PODS_ROOT}/Manifest.lock",
			);
			name = "[CP] Check Pods Manifest.lock";
			outputFileListPaths = (
			);
			outputPaths = (
				"$(DERIVED_FILE_DIR)/Pods-ChargerFinderDemoApp-checkManifestLockResult.txt",
			);
			runOnlyForDeploymentPostprocessing = 0;
			shellPath = /bin/sh;
			shellScript = "diff \"${PODS_PODFILE_DIR_PATH}/Podfile.lock\" \"${PODS_ROOT}/Manifest.lock\" > /dev/null\nif [ $? != 0 ] ; then\n    # print error to STDERR\n    echo \"error: The sandbox is not in sync with the Podfile.lock. Run 'pod install' or update your CocoaPods installation.\" >&2\n    exit 1\nfi\n# This output is used by Xcode 'outputs' to avoid re-running this script phase.\necho \"SUCCESS\" > \"${SCRIPT_OUTPUT_FILE_0}\"\n";
			showEnvVarsInLog = 0;
		};
		B1C5B4649202DC00CB41853F /* [CP] Embed Pods Frameworks */ = {
			isa = PBXShellScriptBuildPhase;
			buildActionMask = 2147483647;
			files = (
			);
			inputFileListPaths = (
				"${PODS_ROOT}/Target Support Files/Pods-ChargerFinderDemoApp/Pods-ChargerFinderDemoApp-frameworks-${CONFIGURATION}-input-files.xcfilelist",
			);
			name = "[CP] Embed Pods Frameworks";
			outputFileListPaths = (
				"${PODS_ROOT}/Target Support Files/Pods-ChargerFinderDemoApp/Pods-ChargerFinderDemoApp-frameworks-${CONFIGURATION}-output-files.xcfilelist",
			);
			runOnlyForDeploymentPostprocessing = 0;
			shellPath = /bin/sh;
			shellScript = "\"${PODS_ROOT}/Target Support Files/Pods-ChargerFinderDemoApp/Pods-ChargerFinderDemoApp-frameworks.sh\"\n";
			showEnvVarsInLog = 0;
		};
/* End PBXShellScriptBuildPhase section */

/* Begin PBXSourcesBuildPhase section */
		F4D56B822440E76100A4B8C0 /* Sources */ = {
			isa = PBXSourcesBuildPhase;
			buildActionMask = 2147483647;
			files = (
				F4585747244D432100147E84 /* Scene.swift in Sources */,
				F458574C24524A6900147E84 /* SwiftJSON.swift in Sources */,
				F4585753245254CB00147E84 /* StringExtension.swift in Sources */,
				F458575024524C6000147E84 /* ProgrammaticallyLayoutable.swift in Sources */,
				F4585759245261D900147E84 /* Coordintaor.swift in Sources */,
				F458574A244D442F00147E84 /* FindChargersWithARViewController.swift in Sources */,
				F4585756245255B500147E84 /* Math.swift in Sources */,
			);
			runOnlyForDeploymentPostprocessing = 0;
		};
		F4D56B8B2440E76100A4B8C0 /* Sources */ = {
			isa = PBXSourcesBuildPhase;
			buildActionMask = 2147483647;
			files = (
				F4D56B952440E76100A4B8C0 /* ChargerFinderTests.swift in Sources */,
			);
			runOnlyForDeploymentPostprocessing = 0;
		};
		F4D56BA02440E93E00A4B8C0 /* Sources */ = {
			isa = PBXSourcesBuildPhase;
			buildActionMask = 2147483647;
			files = (
				F458576424526BB900147E84 /* MainViewCoordinator.swift in Sources */,
				F458575B2452622F00147E84 /* AppCoordinator.swift in Sources */,
				F4D56BAB2440E93E00A4B8C0 /* MainViewController.swift in Sources */,
				F4D56BA72440E93E00A4B8C0 /* AppDelegate.swift in Sources */,
			);
			runOnlyForDeploymentPostprocessing = 0;
		};
/* End PBXSourcesBuildPhase section */

/* Begin PBXTargetDependency section */
		F4D56B922440E76100A4B8C0 /* PBXTargetDependency */ = {
			isa = PBXTargetDependency;
			target = F4D56B852440E76100A4B8C0 /* ChargerFinder */;
			targetProxy = F4D56B912440E76100A4B8C0 /* PBXContainerItemProxy */;
		};
/* End PBXTargetDependency section */

/* Begin PBXVariantGroup section */
		F4D56BB12440E94200A4B8C0 /* LaunchScreen.storyboard */ = {
			isa = PBXVariantGroup;
			children = (
				F4D56BB22440E94200A4B8C0 /* Base */,
			);
			name = LaunchScreen.storyboard;
			sourceTree = "<group>";
		};
/* End PBXVariantGroup section */

/* Begin XCBuildConfiguration section */
		F4D56B982440E76100A4B8C0 /* Debug */ = {
			isa = XCBuildConfiguration;
			buildSettings = {
				ALWAYS_SEARCH_USER_PATHS = NO;
				CLANG_ANALYZER_NONNULL = YES;
				CLANG_ANALYZER_NUMBER_OBJECT_CONVERSION = YES_AGGRESSIVE;
				CLANG_CXX_LANGUAGE_STANDARD = "gnu++14";
				CLANG_CXX_LIBRARY = "libc++";
				CLANG_ENABLE_MODULES = YES;
				CLANG_ENABLE_OBJC_ARC = YES;
				CLANG_ENABLE_OBJC_WEAK = YES;
				CLANG_WARN_BLOCK_CAPTURE_AUTORELEASING = YES;
				CLANG_WARN_BOOL_CONVERSION = YES;
				CLANG_WARN_COMMA = YES;
				CLANG_WARN_CONSTANT_CONVERSION = YES;
				CLANG_WARN_DEPRECATED_OBJC_IMPLEMENTATIONS = YES;
				CLANG_WARN_DIRECT_OBJC_ISA_USAGE = YES_ERROR;
				CLANG_WARN_DOCUMENTATION_COMMENTS = YES;
				CLANG_WARN_EMPTY_BODY = YES;
				CLANG_WARN_ENUM_CONVERSION = YES;
				CLANG_WARN_INFINITE_RECURSION = YES;
				CLANG_WARN_INT_CONVERSION = YES;
				CLANG_WARN_NON_LITERAL_NULL_CONVERSION = YES;
				CLANG_WARN_OBJC_IMPLICIT_RETAIN_SELF = YES;
				CLANG_WARN_OBJC_LITERAL_CONVERSION = YES;
				CLANG_WARN_OBJC_ROOT_CLASS = YES_ERROR;
				CLANG_WARN_RANGE_LOOP_ANALYSIS = YES;
				CLANG_WARN_STRICT_PROTOTYPES = YES;
				CLANG_WARN_SUSPICIOUS_MOVE = YES;
				CLANG_WARN_UNGUARDED_AVAILABILITY = YES_AGGRESSIVE;
				CLANG_WARN_UNREACHABLE_CODE = YES;
				CLANG_WARN__DUPLICATE_METHOD_MATCH = YES;
				COPY_PHASE_STRIP = NO;
				CURRENT_PROJECT_VERSION = 1;
				DEBUG_INFORMATION_FORMAT = dwarf;
				ENABLE_STRICT_OBJC_MSGSEND = YES;
				ENABLE_TESTABILITY = YES;
				GCC_C_LANGUAGE_STANDARD = gnu11;
				GCC_DYNAMIC_NO_PIC = NO;
				GCC_NO_COMMON_BLOCKS = YES;
				GCC_OPTIMIZATION_LEVEL = 0;
				GCC_PREPROCESSOR_DEFINITIONS = (
					"DEBUG=1",
					"$(inherited)",
				);
				GCC_WARN_64_TO_32_BIT_CONVERSION = YES;
				GCC_WARN_ABOUT_RETURN_TYPE = YES_ERROR;
				GCC_WARN_UNDECLARED_SELECTOR = YES;
				GCC_WARN_UNINITIALIZED_AUTOS = YES_AGGRESSIVE;
				GCC_WARN_UNUSED_FUNCTION = YES;
				GCC_WARN_UNUSED_VARIABLE = YES;
				IPHONEOS_DEPLOYMENT_TARGET = 11.0;
				MTL_ENABLE_DEBUG_INFO = INCLUDE_SOURCE;
				MTL_FAST_MATH = YES;
				ONLY_ACTIVE_ARCH = YES;
				SDKROOT = iphoneos;
				SWIFT_ACTIVE_COMPILATION_CONDITIONS = DEBUG;
				SWIFT_OPTIMIZATION_LEVEL = "-Onone";
				VERSIONING_SYSTEM = "apple-generic";
				VERSION_INFO_PREFIX = "";
			};
			name = Debug;
		};
		F4D56B992440E76100A4B8C0 /* Release */ = {
			isa = XCBuildConfiguration;
			buildSettings = {
				ALWAYS_SEARCH_USER_PATHS = NO;
				CLANG_ANALYZER_NONNULL = YES;
				CLANG_ANALYZER_NUMBER_OBJECT_CONVERSION = YES_AGGRESSIVE;
				CLANG_CXX_LANGUAGE_STANDARD = "gnu++14";
				CLANG_CXX_LIBRARY = "libc++";
				CLANG_ENABLE_MODULES = YES;
				CLANG_ENABLE_OBJC_ARC = YES;
				CLANG_ENABLE_OBJC_WEAK = YES;
				CLANG_WARN_BLOCK_CAPTURE_AUTORELEASING = YES;
				CLANG_WARN_BOOL_CONVERSION = YES;
				CLANG_WARN_COMMA = YES;
				CLANG_WARN_CONSTANT_CONVERSION = YES;
				CLANG_WARN_DEPRECATED_OBJC_IMPLEMENTATIONS = YES;
				CLANG_WARN_DIRECT_OBJC_ISA_USAGE = YES_ERROR;
				CLANG_WARN_DOCUMENTATION_COMMENTS = YES;
				CLANG_WARN_EMPTY_BODY = YES;
				CLANG_WARN_ENUM_CONVERSION = YES;
				CLANG_WARN_INFINITE_RECURSION = YES;
				CLANG_WARN_INT_CONVERSION = YES;
				CLANG_WARN_NON_LITERAL_NULL_CONVERSION = YES;
				CLANG_WARN_OBJC_IMPLICIT_RETAIN_SELF = YES;
				CLANG_WARN_OBJC_LITERAL_CONVERSION = YES;
				CLANG_WARN_OBJC_ROOT_CLASS = YES_ERROR;
				CLANG_WARN_RANGE_LOOP_ANALYSIS = YES;
				CLANG_WARN_STRICT_PROTOTYPES = YES;
				CLANG_WARN_SUSPICIOUS_MOVE = YES;
				CLANG_WARN_UNGUARDED_AVAILABILITY = YES_AGGRESSIVE;
				CLANG_WARN_UNREACHABLE_CODE = YES;
				CLANG_WARN__DUPLICATE_METHOD_MATCH = YES;
				COPY_PHASE_STRIP = NO;
				CURRENT_PROJECT_VERSION = 1;
				DEBUG_INFORMATION_FORMAT = "dwarf-with-dsym";
				ENABLE_NS_ASSERTIONS = NO;
				ENABLE_STRICT_OBJC_MSGSEND = YES;
				GCC_C_LANGUAGE_STANDARD = gnu11;
				GCC_NO_COMMON_BLOCKS = YES;
				GCC_WARN_64_TO_32_BIT_CONVERSION = YES;
				GCC_WARN_ABOUT_RETURN_TYPE = YES_ERROR;
				GCC_WARN_UNDECLARED_SELECTOR = YES;
				GCC_WARN_UNINITIALIZED_AUTOS = YES_AGGRESSIVE;
				GCC_WARN_UNUSED_FUNCTION = YES;
				GCC_WARN_UNUSED_VARIABLE = YES;
				IPHONEOS_DEPLOYMENT_TARGET = 11.0;
				MTL_ENABLE_DEBUG_INFO = NO;
				MTL_FAST_MATH = YES;
				SDKROOT = iphoneos;
				SWIFT_COMPILATION_MODE = wholemodule;
				SWIFT_OPTIMIZATION_LEVEL = "-O";
				VALIDATE_PRODUCT = YES;
				VERSIONING_SYSTEM = "apple-generic";
				VERSION_INFO_PREFIX = "";
			};
			name = Release;
		};
		F4D56B9B2440E76100A4B8C0 /* Debug */ = {
			isa = XCBuildConfiguration;
			buildSettings = {
				CLANG_ENABLE_MODULES = YES;
				CODE_SIGN_STYLE = Automatic;
				DEFINES_MODULE = YES;
				DEVELOPMENT_TEAM = 9P94BC28FM;
				DYLIB_COMPATIBILITY_VERSION = 1;
				DYLIB_CURRENT_VERSION = 1;
				DYLIB_INSTALL_NAME_BASE = "@rpath";
				INFOPLIST_FILE = ChargerFinder/Info.plist;
				INSTALL_PATH = "$(LOCAL_LIBRARY_DIR)/Frameworks";
				IPHONEOS_DEPLOYMENT_TARGET = 11.0;
				LD_RUNPATH_SEARCH_PATHS = (
					"$(inherited)",
					"@executable_path/Frameworks",
					"@loader_path/Frameworks",
				);
				PRODUCT_BUNDLE_IDENTIFIER = com.oscarodon.ChargerFinder;
				PRODUCT_NAME = "$(TARGET_NAME:c99extidentifier)";
				SKIP_INSTALL = YES;
				SUPPORTS_MACCATALYST = NO;
				SWIFT_OPTIMIZATION_LEVEL = "-Onone";
				SWIFT_VERSION = 5.0;
				TARGETED_DEVICE_FAMILY = 1;
			};
			name = Debug;
		};
		F4D56B9C2440E76100A4B8C0 /* Release */ = {
			isa = XCBuildConfiguration;
			buildSettings = {
				CLANG_ENABLE_MODULES = YES;
				CODE_SIGN_STYLE = Automatic;
				DEFINES_MODULE = YES;
				DEVELOPMENT_TEAM = 9P94BC28FM;
				DYLIB_COMPATIBILITY_VERSION = 1;
				DYLIB_CURRENT_VERSION = 1;
				DYLIB_INSTALL_NAME_BASE = "@rpath";
				INFOPLIST_FILE = ChargerFinder/Info.plist;
				INSTALL_PATH = "$(LOCAL_LIBRARY_DIR)/Frameworks";
				IPHONEOS_DEPLOYMENT_TARGET = 11.0;
				LD_RUNPATH_SEARCH_PATHS = (
					"$(inherited)",
					"@executable_path/Frameworks",
					"@loader_path/Frameworks",
				);
				PRODUCT_BUNDLE_IDENTIFIER = com.oscarodon.ChargerFinder;
				PRODUCT_NAME = "$(TARGET_NAME:c99extidentifier)";
				SKIP_INSTALL = YES;
				SUPPORTS_MACCATALYST = NO;
				SWIFT_VERSION = 5.0;
				TARGETED_DEVICE_FAMILY = 1;
			};
			name = Release;
		};
		F4D56B9E2440E76100A4B8C0 /* Debug */ = {
			isa = XCBuildConfiguration;
			buildSettings = {
				ALWAYS_EMBED_SWIFT_STANDARD_LIBRARIES = YES;
				CODE_SIGN_STYLE = Automatic;
				DEVELOPMENT_TEAM = 9P94BC28FM;
				INFOPLIST_FILE = ChargerFinderTests/Info.plist;
				LD_RUNPATH_SEARCH_PATHS = (
					"$(inherited)",
					"@executable_path/Frameworks",
					"@loader_path/Frameworks",
				);
				PRODUCT_BUNDLE_IDENTIFIER = com.oscarodon.ChargerFinderTests;
				PRODUCT_NAME = "$(TARGET_NAME)";
				SWIFT_VERSION = 5.0;
				TARGETED_DEVICE_FAMILY = "1,2";
			};
			name = Debug;
		};
		F4D56B9F2440E76100A4B8C0 /* Release */ = {
			isa = XCBuildConfiguration;
			buildSettings = {
				ALWAYS_EMBED_SWIFT_STANDARD_LIBRARIES = YES;
				CODE_SIGN_STYLE = Automatic;
				DEVELOPMENT_TEAM = 9P94BC28FM;
				INFOPLIST_FILE = ChargerFinderTests/Info.plist;
				LD_RUNPATH_SEARCH_PATHS = (
					"$(inherited)",
					"@executable_path/Frameworks",
					"@loader_path/Frameworks",
				);
				PRODUCT_BUNDLE_IDENTIFIER = com.oscarodon.ChargerFinderTests;
				PRODUCT_NAME = "$(TARGET_NAME)";
				SWIFT_VERSION = 5.0;
				TARGETED_DEVICE_FAMILY = "1,2";
			};
			name = Release;
		};
		F4D56BCC2440E94200A4B8C0 /* Debug */ = {
			isa = XCBuildConfiguration;
			baseConfigurationReference = C184F77155F36FF8D146A756 /* Pods-ChargerFinderDemoApp.debug.xcconfig */;
			buildSettings = {
				ASSETCATALOG_COMPILER_APPICON_NAME = AppIcon;
				CODE_SIGN_STYLE = Automatic;
				DEVELOPMENT_TEAM = 9P94BC28FM;
				INFOPLIST_FILE = "$(SRCROOT)/ChargerFinderDemoApp/Info.plist";
				IPHONEOS_DEPLOYMENT_TARGET = 11.0;
				LD_RUNPATH_SEARCH_PATHS = (
					"$(inherited)",
					"@executable_path/Frameworks",
				);
				PRODUCT_BUNDLE_IDENTIFIER = com.oscarodon.ChangerFinderDemoApp;
				PRODUCT_NAME = "$(TARGET_NAME)";
				SWIFT_VERSION = 5.0;
				TARGETED_DEVICE_FAMILY = 1;
			};
			name = Debug;
		};
		F4D56BCD2440E94200A4B8C0 /* Release */ = {
			isa = XCBuildConfiguration;
			baseConfigurationReference = 17AD538FB06E7C7D4C672FA3 /* Pods-ChargerFinderDemoApp.release.xcconfig */;
			buildSettings = {
				ASSETCATALOG_COMPILER_APPICON_NAME = AppIcon;
				CODE_SIGN_STYLE = Automatic;
				DEVELOPMENT_TEAM = 9P94BC28FM;
				INFOPLIST_FILE = "$(SRCROOT)/ChargerFinderDemoApp/Info.plist";
				IPHONEOS_DEPLOYMENT_TARGET = 11.0;
				LD_RUNPATH_SEARCH_PATHS = (
					"$(inherited)",
					"@executable_path/Frameworks",
				);
				PRODUCT_BUNDLE_IDENTIFIER = com.oscarodon.ChangerFinderDemoApp;
				PRODUCT_NAME = "$(TARGET_NAME)";
				SWIFT_VERSION = 5.0;
				TARGETED_DEVICE_FAMILY = 1;
			};
			name = Release;
		};
/* End XCBuildConfiguration section */

/* Begin XCConfigurationList section */
		F4D56B802440E76100A4B8C0 /* Build configuration list for PBXProject "ChargerFinder" */ = {
			isa = XCConfigurationList;
			buildConfigurations = (
				F4D56B982440E76100A4B8C0 /* Debug */,
				F4D56B992440E76100A4B8C0 /* Release */,
			);
			defaultConfigurationIsVisible = 0;
			defaultConfigurationName = Release;
		};
		F4D56B9A2440E76100A4B8C0 /* Build configuration list for PBXNativeTarget "ChargerFinder" */ = {
			isa = XCConfigurationList;
			buildConfigurations = (
				F4D56B9B2440E76100A4B8C0 /* Debug */,
				F4D56B9C2440E76100A4B8C0 /* Release */,
			);
			defaultConfigurationIsVisible = 0;
			defaultConfigurationName = Release;
		};
		F4D56B9D2440E76100A4B8C0 /* Build configuration list for PBXNativeTarget "ChargerFinderTests" */ = {
			isa = XCConfigurationList;
			buildConfigurations = (
				F4D56B9E2440E76100A4B8C0 /* Debug */,
				F4D56B9F2440E76100A4B8C0 /* Release */,
			);
			defaultConfigurationIsVisible = 0;
			defaultConfigurationName = Release;
		};
		F4D56BCB2440E94200A4B8C0 /* Build configuration list for PBXNativeTarget "ChargerFinderDemoApp" */ = {
			isa = XCConfigurationList;
			buildConfigurations = (
				F4D56BCC2440E94200A4B8C0 /* Debug */,
				F4D56BCD2440E94200A4B8C0 /* Release */,
			);
			defaultConfigurationIsVisible = 0;
			defaultConfigurationName = Release;
		};
/* End XCConfigurationList section */
	};
	rootObject = F4D56B7D2440E76100A4B8C0 /* Project object */;
}
